
Microsoft Visual Studio Solution File, Format Version 12.00
# Visual Studio Version 17
VisualStudioVersion = 17.11.35222.181
MinimumVisualStudioVersion = 10.0.40219.1
Project("{FAE04EC0-301F-11D3-BF4B-00C04F79EFBC}") = "Sesion17", "Sesion17\Sesion17.csproj", "{8E1AD5E8-764E-423A-A99C-49C3AEF1997C}"
EndProject
Global
	GlobalSection(SolutionConfigurationPlatforms) = preSolution
		Debug|Any CPU = Debug|Any CPU
		Release|Any CPU = Release|Any CPU
	EndGlobalSection
	GlobalSection(ProjectConfigurationPlatforms) = postSolution
		{8E1AD5E8-764E-423A-A99C-49C3AEF1997C}.Debug|Any CPU.ActiveCfg = Debug|Any CPU
		{8E1AD5E8-764E-423A-A99C-49C3AEF1997C}.Debug|Any CPU.Build.0 = Debug|Any CPU
		{8E1AD5E8-764E-423A-A99C-49C3AEF1997C}.Release|Any CPU.ActiveCfg = Release|Any CPU
		{8E1AD5E8-764E-423A-A99C-49C3AEF1997C}.Release|Any CPU.Build.0 = Release|Any CPU
	EndGlobalSection
	GlobalSection(SolutionProperties) = preSolution
		HideSolutionNode = FALSE
	EndGlobalSection
	GlobalSection(ExtensibilityGlobals) = postSolution
		SolutionGuid = {CDD8BDE5-ED59-4149-8AA8-80B34A0DC589}
	EndGlobalSection
EndGlobal
